
Microsoft Visual Studio Solution File, Format Version 12.00
# Visual Studio Version 17
VisualStudioVersion = 17.6.33815.320
MinimumVisualStudioVersion = 10.0.40219.1
Project("{FAE04EC0-301F-11D3-BF4B-00C04F79EFBC}") = "Binary Tree", "Binary Tree\Binary Tree.csproj", "{0D29D000-BA26-47A0-981A-57DDF9C28BF1}"
EndProject
Global
	GlobalSection(SolutionConfigurationPlatforms) = preSolution
		Debug|Any CPU = Debug|Any CPU
		Release|Any CPU = Release|Any CPU
	EndGlobalSection
	GlobalSection(ProjectConfigurationPlatforms) = postSolution
		{0D29D000-BA26-47A0-981A-57DDF9C28BF1}.Debug|Any CPU.ActiveCfg = Debug|Any CPU
		{0D29D000-BA26-47A0-981A-57DDF9C28BF1}.Debug|Any CPU.Build.0 = Debug|Any CPU
		{0D29D000-BA26-47A0-981A-57DDF9C28BF1}.Release|Any CPU.ActiveCfg = Release|Any CPU
		{0D29D000-BA26-47A0-981A-57DDF9C28BF1}.Release|Any CPU.Build.0 = Release|Any CPU
	EndGlobalSection
	GlobalSection(SolutionProperties) = preSolution
		HideSolutionNode = FALSE
	EndGlobalSection
	GlobalSection(ExtensibilityGlobals) = postSolution
		SolutionGuid = {4B255042-8F66-4B41-AEE3-72AF36F2F988}
	EndGlobalSection
EndGlobal
