
Microsoft Visual Studio Solution File, Format Version 12.00
# Visual Studio Version 17
VisualStudioVersion = 17.5.33516.290
MinimumVisualStudioVersion = 10.0.40219.1
Project("{FAE04EC0-301F-11D3-BF4B-00C04F79EFBC}") = "Variables, loops, terms", "Variables, loops, terms\Variables, loops, terms.csproj", "{45DE946B-276C-404E-8AF2-D5F0F1008EF3}"
EndProject
Global
	GlobalSection(SolutionConfigurationPlatforms) = preSolution
		Debug|Any CPU = Debug|Any CPU
		Release|Any CPU = Release|Any CPU
	EndGlobalSection
	GlobalSection(ProjectConfigurationPlatforms) = postSolution
		{45DE946B-276C-404E-8AF2-D5F0F1008EF3}.Debug|Any CPU.ActiveCfg = Debug|Any CPU
		{45DE946B-276C-404E-8AF2-D5F0F1008EF3}.Debug|Any CPU.Build.0 = Debug|Any CPU
		{45DE946B-276C-404E-8AF2-D5F0F1008EF3}.Release|Any CPU.ActiveCfg = Release|Any CPU
		{45DE946B-276C-404E-8AF2-D5F0F1008EF3}.Release|Any CPU.Build.0 = Release|Any CPU
	EndGlobalSection
	GlobalSection(SolutionProperties) = preSolution
		HideSolutionNode = FALSE
	EndGlobalSection
	GlobalSection(ExtensibilityGlobals) = postSolution
		SolutionGuid = {E5DC6DDD-5888-427E-8585-57ACA3171CEA}
	EndGlobalSection
EndGlobal
