
Microsoft Visual Studio Solution File, Format Version 12.00
# Visual Studio Version 17
VisualStudioVersion = 17.7.34221.43
MinimumVisualStudioVersion = 10.0.40219.1
Project("{FAE04EC0-301F-11D3-BF4B-00C04F79EFBC}") = "Drawing", "Drawing\Drawing.csproj", "{B1418FD4-6DE2-497A-8561-DCE5A7481A63}"
EndProject
Global
	GlobalSection(SolutionConfigurationPlatforms) = preSolution
		Debug|Any CPU = Debug|Any CPU
		Release|Any CPU = Release|Any CPU
	EndGlobalSection
	GlobalSection(ProjectConfigurationPlatforms) = postSolution
		{B1418FD4-6DE2-497A-8561-DCE5A7481A63}.Debug|Any CPU.ActiveCfg = Debug|Any CPU
		{B1418FD4-6DE2-497A-8561-DCE5A7481A63}.Debug|Any CPU.Build.0 = Debug|Any CPU
		{B1418FD4-6DE2-497A-8561-DCE5A7481A63}.Release|Any CPU.ActiveCfg = Release|Any CPU
		{B1418FD4-6DE2-497A-8561-DCE5A7481A63}.Release|Any CPU.Build.0 = Release|Any CPU
	EndGlobalSection
	GlobalSection(SolutionProperties) = preSolution
		HideSolutionNode = FALSE
	EndGlobalSection
	GlobalSection(ExtensibilityGlobals) = postSolution
		SolutionGuid = {6B120C08-ABDB-41D5-A0AA-41F20637E549}
	EndGlobalSection
EndGlobal
