
Microsoft Visual Studio Solution File, Format Version 12.00
# Visual Studio Version 17
VisualStudioVersion = 17.7.34221.43
MinimumVisualStudioVersion = 10.0.40219.1
Project("{FAE04EC0-301F-11D3-BF4B-00C04F79EFBC}") = "MessageBoxes", "MessageBoxes\MessageBoxes.csproj", "{8E5ACB01-E532-4F45-9C25-BD4EEFF7002D}"
EndProject
Global
	GlobalSection(SolutionConfigurationPlatforms) = preSolution
		Debug|Any CPU = Debug|Any CPU
		Release|Any CPU = Release|Any CPU
	EndGlobalSection
	GlobalSection(ProjectConfigurationPlatforms) = postSolution
		{8E5ACB01-E532-4F45-9C25-BD4EEFF7002D}.Debug|Any CPU.ActiveCfg = Debug|Any CPU
		{8E5ACB01-E532-4F45-9C25-BD4EEFF7002D}.Debug|Any CPU.Build.0 = Debug|Any CPU
		{8E5ACB01-E532-4F45-9C25-BD4EEFF7002D}.Release|Any CPU.ActiveCfg = Release|Any CPU
		{8E5ACB01-E532-4F45-9C25-BD4EEFF7002D}.Release|Any CPU.Build.0 = Release|Any CPU
	EndGlobalSection
	GlobalSection(SolutionProperties) = preSolution
		HideSolutionNode = FALSE
	EndGlobalSection
	GlobalSection(ExtensibilityGlobals) = postSolution
		SolutionGuid = {69FD1BC8-389C-4EFD-AE40-3039B02F9537}
	EndGlobalSection
EndGlobal
