
Microsoft Visual Studio Solution File, Format Version 12.00
# Visual Studio Version 17
VisualStudioVersion = 17.7.34221.43
MinimumVisualStudioVersion = 10.0.40219.1
Project("{FAE04EC0-301F-11D3-BF4B-00C04F79EFBC}") = "WishList", "WishList\WishList.csproj", "{0D7CE4BD-7F90-4E70-B7BD-0F5FB274B621}"
EndProject
Global
	GlobalSection(SolutionConfigurationPlatforms) = preSolution
		Debug|Any CPU = Debug|Any CPU
		Release|Any CPU = Release|Any CPU
	EndGlobalSection
	GlobalSection(ProjectConfigurationPlatforms) = postSolution
		{0D7CE4BD-7F90-4E70-B7BD-0F5FB274B621}.Debug|Any CPU.ActiveCfg = Debug|Any CPU
		{0D7CE4BD-7F90-4E70-B7BD-0F5FB274B621}.Debug|Any CPU.Build.0 = Debug|Any CPU
		{0D7CE4BD-7F90-4E70-B7BD-0F5FB274B621}.Release|Any CPU.ActiveCfg = Release|Any CPU
		{0D7CE4BD-7F90-4E70-B7BD-0F5FB274B621}.Release|Any CPU.Build.0 = Release|Any CPU
	EndGlobalSection
	GlobalSection(SolutionProperties) = preSolution
		HideSolutionNode = FALSE
	EndGlobalSection
	GlobalSection(ExtensibilityGlobals) = postSolution
		SolutionGuid = {B446162B-540D-433E-88B2-DA1515410886}
	EndGlobalSection
EndGlobal
