
Microsoft Visual Studio Solution File, Format Version 12.00
# Visual Studio Version 17
VisualStudioVersion = 17.6.33815.320
MinimumVisualStudioVersion = 10.0.40219.1
Project("{FAE04EC0-301F-11D3-BF4B-00C04F79EFBC}") = "Delegates", "Delegates\Delegates.csproj", "{FF472D9B-C587-4D95-8F0C-DDDA02C53200}"
EndProject
Global
	GlobalSection(SolutionConfigurationPlatforms) = preSolution
		Debug|Any CPU = Debug|Any CPU
		Release|Any CPU = Release|Any CPU
	EndGlobalSection
	GlobalSection(ProjectConfigurationPlatforms) = postSolution
		{FF472D9B-C587-4D95-8F0C-DDDA02C53200}.Debug|Any CPU.ActiveCfg = Debug|Any CPU
		{FF472D9B-C587-4D95-8F0C-DDDA02C53200}.Debug|Any CPU.Build.0 = Debug|Any CPU
		{FF472D9B-C587-4D95-8F0C-DDDA02C53200}.Release|Any CPU.ActiveCfg = Release|Any CPU
		{FF472D9B-C587-4D95-8F0C-DDDA02C53200}.Release|Any CPU.Build.0 = Release|Any CPU
	EndGlobalSection
	GlobalSection(SolutionProperties) = preSolution
		HideSolutionNode = FALSE
	EndGlobalSection
	GlobalSection(ExtensibilityGlobals) = postSolution
		SolutionGuid = {FBB0C73A-C4EE-4EEF-BE43-F877B0B27E1A}
	EndGlobalSection
EndGlobal
