
Microsoft Visual Studio Solution File, Format Version 12.00
# Visual Studio Version 17
VisualStudioVersion = 17.5.33516.290
MinimumVisualStudioVersion = 10.0.40219.1
Project("{FAE04EC0-301F-11D3-BF4B-00C04F79EFBC}") = "Hello world", "Hello world\Hello world.csproj", "{EA601417-7444-4AB3-B64B-40E35FC5381A}"
EndProject
Global
	GlobalSection(SolutionConfigurationPlatforms) = preSolution
		Debug|Any CPU = Debug|Any CPU
		Release|Any CPU = Release|Any CPU
	EndGlobalSection
	GlobalSection(ProjectConfigurationPlatforms) = postSolution
		{EA601417-7444-4AB3-B64B-40E35FC5381A}.Debug|Any CPU.ActiveCfg = Debug|Any CPU
		{EA601417-7444-4AB3-B64B-40E35FC5381A}.Debug|Any CPU.Build.0 = Debug|Any CPU
		{EA601417-7444-4AB3-B64B-40E35FC5381A}.Release|Any CPU.ActiveCfg = Release|Any CPU
		{EA601417-7444-4AB3-B64B-40E35FC5381A}.Release|Any CPU.Build.0 = Release|Any CPU
	EndGlobalSection
	GlobalSection(SolutionProperties) = preSolution
		HideSolutionNode = FALSE
	EndGlobalSection
	GlobalSection(ExtensibilityGlobals) = postSolution
		SolutionGuid = {7865B730-444C-4422-90A0-1367E5CA9A4E}
	EndGlobalSection
EndGlobal
