
Microsoft Visual Studio Solution File, Format Version 12.00
# Visual Studio Version 17
VisualStudioVersion = 17.7.34221.43
MinimumVisualStudioVersion = 10.0.40219.1
Project("{FAE04EC0-301F-11D3-BF4B-00C04F79EFBC}") = "RadioButtons", "RadioButtons\RadioButtons.csproj", "{BAC284E2-01EA-4C0C-AE76-E188E9539296}"
EndProject
Global
	GlobalSection(SolutionConfigurationPlatforms) = preSolution
		Debug|Any CPU = Debug|Any CPU
		Release|Any CPU = Release|Any CPU
	EndGlobalSection
	GlobalSection(ProjectConfigurationPlatforms) = postSolution
		{BAC284E2-01EA-4C0C-AE76-E188E9539296}.Debug|Any CPU.ActiveCfg = Debug|Any CPU
		{BAC284E2-01EA-4C0C-AE76-E188E9539296}.Debug|Any CPU.Build.0 = Debug|Any CPU
		{BAC284E2-01EA-4C0C-AE76-E188E9539296}.Release|Any CPU.ActiveCfg = Release|Any CPU
		{BAC284E2-01EA-4C0C-AE76-E188E9539296}.Release|Any CPU.Build.0 = Release|Any CPU
	EndGlobalSection
	GlobalSection(SolutionProperties) = preSolution
		HideSolutionNode = FALSE
	EndGlobalSection
	GlobalSection(ExtensibilityGlobals) = postSolution
		SolutionGuid = {C3429B23-DE41-4F8C-AD88-A24AEC7B7C2E}
	EndGlobalSection
EndGlobal
