
Microsoft Visual Studio Solution File, Format Version 12.00
# Visual Studio Version 17
VisualStudioVersion = 17.7.34221.43
MinimumVisualStudioVersion = 10.0.40219.1
Project("{FAE04EC0-301F-11D3-BF4B-00C04F79EFBC}") = "MauiIntro", "MauiIntro\MauiIntro.csproj", "{98B09286-6D5C-457C-8396-610758941C4C}"
EndProject
Global
	GlobalSection(SolutionConfigurationPlatforms) = preSolution
		Debug|Any CPU = Debug|Any CPU
		Release|Any CPU = Release|Any CPU
	EndGlobalSection
	GlobalSection(ProjectConfigurationPlatforms) = postSolution
		{98B09286-6D5C-457C-8396-610758941C4C}.Debug|Any CPU.ActiveCfg = Debug|Any CPU
		{98B09286-6D5C-457C-8396-610758941C4C}.Debug|Any CPU.Build.0 = Debug|Any CPU
		{98B09286-6D5C-457C-8396-610758941C4C}.Debug|Any CPU.Deploy.0 = Debug|Any CPU
		{98B09286-6D5C-457C-8396-610758941C4C}.Release|Any CPU.ActiveCfg = Release|Any CPU
		{98B09286-6D5C-457C-8396-610758941C4C}.Release|Any CPU.Build.0 = Release|Any CPU
		{98B09286-6D5C-457C-8396-610758941C4C}.Release|Any CPU.Deploy.0 = Release|Any CPU
	EndGlobalSection
	GlobalSection(SolutionProperties) = preSolution
		HideSolutionNode = FALSE
	EndGlobalSection
	GlobalSection(ExtensibilityGlobals) = postSolution
		SolutionGuid = {55784FDB-F976-4966-8A71-BB47F5A3EDB8}
	EndGlobalSection
EndGlobal
