
Microsoft Visual Studio Solution File, Format Version 12.00
# Visual Studio Version 17
VisualStudioVersion = 17.6.33815.320
MinimumVisualStudioVersion = 10.0.40219.1
Project("{FAE04EC0-301F-11D3-BF4B-00C04F79EFBC}") = "Poker", "Poker\Poker.csproj", "{7BE122E0-B1AC-4382-9260-E8A69E69BD3E}"
EndProject
Global
	GlobalSection(SolutionConfigurationPlatforms) = preSolution
		Debug|Any CPU = Debug|Any CPU
		Release|Any CPU = Release|Any CPU
	EndGlobalSection
	GlobalSection(ProjectConfigurationPlatforms) = postSolution
		{7BE122E0-B1AC-4382-9260-E8A69E69BD3E}.Debug|Any CPU.ActiveCfg = Debug|Any CPU
		{7BE122E0-B1AC-4382-9260-E8A69E69BD3E}.Debug|Any CPU.Build.0 = Debug|Any CPU
		{7BE122E0-B1AC-4382-9260-E8A69E69BD3E}.Release|Any CPU.ActiveCfg = Release|Any CPU
		{7BE122E0-B1AC-4382-9260-E8A69E69BD3E}.Release|Any CPU.Build.0 = Release|Any CPU
	EndGlobalSection
	GlobalSection(SolutionProperties) = preSolution
		HideSolutionNode = FALSE
	EndGlobalSection
	GlobalSection(ExtensibilityGlobals) = postSolution
		SolutionGuid = {494818F3-0E17-4B3D-AEB3-12BEDFD97EEA}
	EndGlobalSection
EndGlobal
